
Microsoft Visual Studio Solution File, Format Version 12.00
# Visual Studio 2012
Project("{FAE04EC0-301F-11D3-BF4B-00C04F79EFBC}") = "01.FillTheMatrix", "FillTheMatrix\01.FillTheMatrix.csproj", "{55FE6598-0A9C-4E98-A236-5791AB8A8874}"
EndProject
Project("{FAE04EC0-301F-11D3-BF4B-00C04F79EFBC}") = "02.MaximalSum", "MaximalSum\02.MaximalSum.csproj", "{7684222C-8A69-46A6-ADFA-93547BB33CFD}"
EndProject
Project("{FAE04EC0-301F-11D3-BF4B-00C04F79EFBC}") = "03.SequenceNMatrix", "SequenceNMatrix\03.SequenceNMatrix.csproj", "{B30E0016-FD47-4A66-8175-67F39F57BFB2}"
EndProject
Project("{FAE04EC0-301F-11D3-BF4B-00C04F79EFBC}") = "04.BinarySearch", "BinarySearch\04.BinarySearch.csproj", "{7C097A88-B424-4F8D-B1CE-4999C7697DAE}"
EndProject
Project("{FAE04EC0-301F-11D3-BF4B-00C04F79EFBC}") = "05.SortByStringsLength", "SortByStringsLength\05.SortByStringsLength.csproj", "{8960623C-1AD6-45BF-AD04-4DF3559FC3E0}"
EndProject
Global
	GlobalSection(SolutionConfigurationPlatforms) = preSolution
		Debug|Any CPU = Debug|Any CPU
		Release|Any CPU = Release|Any CPU
	EndGlobalSection
	GlobalSection(ProjectConfigurationPlatforms) = postSolution
		{55FE6598-0A9C-4E98-A236-5791AB8A8874}.Debug|Any CPU.ActiveCfg = Debug|Any CPU
		{55FE6598-0A9C-4E98-A236-5791AB8A8874}.Debug|Any CPU.Build.0 = Debug|Any CPU
		{55FE6598-0A9C-4E98-A236-5791AB8A8874}.Release|Any CPU.ActiveCfg = Release|Any CPU
		{55FE6598-0A9C-4E98-A236-5791AB8A8874}.Release|Any CPU.Build.0 = Release|Any CPU
		{7684222C-8A69-46A6-ADFA-93547BB33CFD}.Debug|Any CPU.ActiveCfg = Debug|Any CPU
		{7684222C-8A69-46A6-ADFA-93547BB33CFD}.Debug|Any CPU.Build.0 = Debug|Any CPU
		{7684222C-8A69-46A6-ADFA-93547BB33CFD}.Release|Any CPU.ActiveCfg = Release|Any CPU
		{7684222C-8A69-46A6-ADFA-93547BB33CFD}.Release|Any CPU.Build.0 = Release|Any CPU
		{B30E0016-FD47-4A66-8175-67F39F57BFB2}.Debug|Any CPU.ActiveCfg = Debug|Any CPU
		{B30E0016-FD47-4A66-8175-67F39F57BFB2}.Debug|Any CPU.Build.0 = Debug|Any CPU
		{B30E0016-FD47-4A66-8175-67F39F57BFB2}.Release|Any CPU.ActiveCfg = Release|Any CPU
		{B30E0016-FD47-4A66-8175-67F39F57BFB2}.Release|Any CPU.Build.0 = Release|Any CPU
		{7C097A88-B424-4F8D-B1CE-4999C7697DAE}.Debug|Any CPU.ActiveCfg = Debug|Any CPU
		{7C097A88-B424-4F8D-B1CE-4999C7697DAE}.Debug|Any CPU.Build.0 = Debug|Any CPU
		{7C097A88-B424-4F8D-B1CE-4999C7697DAE}.Release|Any CPU.ActiveCfg = Release|Any CPU
		{7C097A88-B424-4F8D-B1CE-4999C7697DAE}.Release|Any CPU.Build.0 = Release|Any CPU
		{8960623C-1AD6-45BF-AD04-4DF3559FC3E0}.Debug|Any CPU.ActiveCfg = Debug|Any CPU
		{8960623C-1AD6-45BF-AD04-4DF3559FC3E0}.Debug|Any CPU.Build.0 = Debug|Any CPU
		{8960623C-1AD6-45BF-AD04-4DF3559FC3E0}.Release|Any CPU.ActiveCfg = Release|Any CPU
		{8960623C-1AD6-45BF-AD04-4DF3559FC3E0}.Release|Any CPU.Build.0 = Release|Any CPU
	EndGlobalSection
	GlobalSection(SolutionProperties) = preSolution
		HideSolutionNode = FALSE
	EndGlobalSection
EndGlobal
