
Microsoft Visual Studio Solution File, Format Version 12.00
# Visual Studio 2012
Project("{FAE04EC0-301F-11D3-BF4B-00C04F79EFBC}") = "Coordinates", "3DCoordinates\Coordinates.csproj", "{EEA7A3DB-1941-4AFF-AF69-D56FDA2E49F5}"
EndProject
Global
	GlobalSection(SolutionConfigurationPlatforms) = preSolution
		Debug|Any CPU = Debug|Any CPU
		Release|Any CPU = Release|Any CPU
	EndGlobalSection
	GlobalSection(ProjectConfigurationPlatforms) = postSolution
		{EEA7A3DB-1941-4AFF-AF69-D56FDA2E49F5}.Debug|Any CPU.ActiveCfg = Debug|Any CPU
		{EEA7A3DB-1941-4AFF-AF69-D56FDA2E49F5}.Debug|Any CPU.Build.0 = Debug|Any CPU
		{EEA7A3DB-1941-4AFF-AF69-D56FDA2E49F5}.Release|Any CPU.ActiveCfg = Release|Any CPU
		{EEA7A3DB-1941-4AFF-AF69-D56FDA2E49F5}.Release|Any CPU.Build.0 = Release|Any CPU
	EndGlobalSection
	GlobalSection(SolutionProperties) = preSolution
		HideSolutionNode = FALSE
	EndGlobalSection
EndGlobal
